
Microsoft Visual Studio Solution File, Format Version 12.00
# Visual Studio Version 16
VisualStudioVersion = 16.0.31025.194
MinimumVisualStudioVersion = 10.0.40219.1
Project("{FAE04EC0-301F-11D3-BF4B-00C04F79EFBC}") = "lab6_intensywnosc_histogram", "lab6_intensywnosc_histogram\lab6_intensywnosc_histogram.csproj", "{63756D95-2414-4C78-AB9B-4022226E6087}"
EndProject
Global
	GlobalSection(SolutionConfigurationPlatforms) = preSolution
		Debug|Any CPU = Debug|Any CPU
		Release|Any CPU = Release|Any CPU
	EndGlobalSection
	GlobalSection(ProjectConfigurationPlatforms) = postSolution
		{63756D95-2414-4C78-AB9B-4022226E6087}.Debug|Any CPU.ActiveCfg = Debug|Any CPU
		{63756D95-2414-4C78-AB9B-4022226E6087}.Debug|Any CPU.Build.0 = Debug|Any CPU
		{63756D95-2414-4C78-AB9B-4022226E6087}.Release|Any CPU.ActiveCfg = Release|Any CPU
		{63756D95-2414-4C78-AB9B-4022226E6087}.Release|Any CPU.Build.0 = Release|Any CPU
	EndGlobalSection
	GlobalSection(SolutionProperties) = preSolution
		HideSolutionNode = FALSE
	EndGlobalSection
	GlobalSection(ExtensibilityGlobals) = postSolution
		SolutionGuid = {7F52F75E-7CD2-4921-AA83-71CB2BA857D6}
	EndGlobalSection
EndGlobal
